
<Scheme version="1.3" LastUpgradeVersion="1000">
    <BuildAction parallelizeBuildables="YES" buildImplicitDependencies="YES">
        <BuildActionEntries>
            <BuildActionEntry buildForAnalyzing="YES" buildForArchiving="YES" buildForTesting="YES" buildForRunning="YES" buildForProfiling="YES">
                <BuildableReference BlueprintIdentifier="7581867AA124369E00000000" BlueprintName="Lib_Swift" BuildableIdentifier="primary" BuildableName="Lib_Swift.framework" ReferencedContainer="container:ios-app.xcodeproj"></BuildableReference>
            </BuildActionEntry>
            <BuildActionEntry buildForAnalyzing="YES" buildForTesting="YES" buildForProfiling="YES" buildForArchiving="YES" buildForRunning="YES">
                <BuildableReference ReferencedContainer="container:ios-app.xcodeproj" BlueprintIdentifier="7581867AE5D471B000000000" BlueprintName="Sources" BuildableName="Sources.framework" BuildableIdentifier="primary"></BuildableReference>
            </BuildActionEntry>
        </BuildActionEntries>
    </BuildAction>
    <TestAction codeCoverageEnabled="NO" selectedDebuggerIdentifier="Xcode.DebuggerFoundation.Debugger.LLDB" shouldUseLaunchSchemeArgsEnv="YES" buildConfiguration="Debug" selectedLauncherIdentifier="Xcode.DebuggerFoundation.Launcher.LLDB">
        <Testables></Testables>
    </TestAction>
    <LaunchAction launchStyle="0" selectedDebuggerIdentifier="Xcode.DebuggerFoundation.Debugger.LLDB" useCustomWorkingDirectory="NO" debugServiceExtension="internal" buildConfiguration="Debug" debugDocumentVersioning="YES" ignoresPersistentStateOnLaunch="NO" allowLocationSimulation="YES" selectedLauncherIdentifier="Xcode.DebuggerFoundation.Launcher.LLDB">
        <EnvironmentVariables></EnvironmentVariables>
    </LaunchAction>
    <ProfileAction useCustomWorkingDirectory="NO" buildConfiguration="Release" shouldUseLaunchSchemeArgsEnv="YES" debugDocumentVersioning="YES"></ProfileAction>
    <AnalyzeAction buildConfiguration="Debug"></AnalyzeAction>
    <ArchiveAction revealArchiveInOrganizer="YES" buildConfiguration="Release"></ArchiveAction>
</Scheme>